
Microsoft Visual Studio Solution File, Format Version 12.00
# Visual Studio 15
Project("{FAE04EC0-301F-11D3-BF4B-00C04F79EFBC}") = "Assembly-CSharp-Editor", "Assembly-CSharp-Editor.csproj", "{ECE60060-7051-29FC-DE37-E584AFA58DDD}"
EndProject
Project("{FAE04EC0-301F-11D3-BF4B-00C04F79EFBC}") = "Assembly-CSharp", "Assembly-CSharp.csproj", "{66F4A963-E1C4-2C0F-C52D-DB575050D337}"
EndProject
Global
	GlobalSection(SolutionConfigurationPlatforms) = preSolution
		Debug|Any CPU = Debug|Any CPU
		Release|Any CPU = Release|Any CPU
	EndGlobalSection
	GlobalSection(ProjectConfigurationPlatforms) = postSolution
		{ECE60060-7051-29FC-DE37-E584AFA58DDD}.Debug|Any CPU.ActiveCfg = Debug|Any CPU
		{ECE60060-7051-29FC-DE37-E584AFA58DDD}.Debug|Any CPU.Build.0 = Debug|Any CPU
		{ECE60060-7051-29FC-DE37-E584AFA58DDD}.Release|Any CPU.ActiveCfg = Release|Any CPU
		{ECE60060-7051-29FC-DE37-E584AFA58DDD}.Release|Any CPU.Build.0 = Release|Any CPU
		{66F4A963-E1C4-2C0F-C52D-DB575050D337}.Debug|Any CPU.ActiveCfg = Debug|Any CPU
		{66F4A963-E1C4-2C0F-C52D-DB575050D337}.Debug|Any CPU.Build.0 = Debug|Any CPU
		{66F4A963-E1C4-2C0F-C52D-DB575050D337}.Release|Any CPU.ActiveCfg = Release|Any CPU
		{66F4A963-E1C4-2C0F-C52D-DB575050D337}.Release|Any CPU.Build.0 = Release|Any CPU
	EndGlobalSection
	GlobalSection(SolutionProperties) = preSolution
		HideSolutionNode = FALSE
	EndGlobalSection
EndGlobal
